github.com/Jblew/serial2mqtt v1.0.2 h1:yrc6XTxol9U6kUCxyDfYmS97r+9FQ+Kzwb8WgP/SmT8=
github.com/Jblew/serial2mqtt v1.0.2/go.mod h1:gyuWGy4Q+4esUjio5QCRjUQBNMLvSG8ObKhL4eeUB50=
github.com/jacobsa/go-serial v0.0.0-20180131005756-15cf729a72d4 h1:G2ztCwXov8mRvP0ZfjE6nAlaCX2XbykaeHdbT6KwDz0=
github.com/jacobsa/go-serial v0.0.0-20180131005756-15cf729a72d4/go.mod h1:2RvX5ZjVtsznNZPEt4xwJXNJrM3VTZoQf7V6gk0ysvs=
github.com/sheerun/queue v1.0.0 h1:uciCumkiDdn1axfM5zP9oh2hu1Mkuov90fZ5PbewlI0=
github.com/sheerun/queue v1.0.0/go.mod h1:YtjrWT5jymvCLo/lEWDk3sv7A1Kgj0qcl3SZx7Zmcfo=
golang.org/x/sys v0.0.0-20200602225109-6fdc65e7d980 h1:OjiUf46hAmXblsZdnoSXsEUSKU8r1UEzcL5RVZ4gO9Y=
golang.org/x/sys v0.0.0-20200602225109-6fdc65e7d980/go.mod h1:h1NjWce9XRLGQEsW7wpKNCjG9DtNlClVuFLEZdDNbEs=
